<?xml version="1.0" encoding="utf-8"?>
<Project ToolsVersion="4.0" xmlns="http://schemas.microsoft.com/developer/msbuild/2003">
  <ItemGroup>
    <Filter Include="Resource Files">
      <UniqueIdentifier>{67DA6AB6-F800-4c08-8B7A-83BB121AAD01}</UniqueIdentifier>
      <Extensions>rc;ico;cur;bmp;dlg;rc2;rct;bin;rgs;gif;jpg;jpeg;jpe;resx;tiff;tif;png;wav;mfcribbon-ms</Extensions>
    </Filter>
    <Filter Include="Include">
      <UniqueIdentifier>{f9975ffb-31af-455f-8d08-cbdbe44aac87}</UniqueIdentifier>
    </Filter>
    <Filter Include="Graphics">
      <UniqueIdentifier>{6ab3ba28-1ef3-421f-b1d3-c6d12b540132}</UniqueIdentifier>
    </Filter>
  </ItemGroup>
  <ItemGroup>
    <ClInclude Include="Include\VRES.h">
      <Filter>Include</Filter>
    </ClInclude>
    <ClInclude Include="Include\VRES_Platform.h">
      <Filter>Include</Filter>
    </ClInclude>
    <ClInclude Include="Graphics\VRES_Renderer.h">
      <Filter>Graphics</Filter>
    </ClInclude>
    <ClInclude Include="Precomp.h" />
    <ClInclude Include="Graphics\VRES_RenderPass.h">
      <Filter>Graphics</Filter>
    </ClInclude>
    <ClInclude Include="Graphics\VRES_Mesh.h">
      <Filter>Graphics</Filter>
    </ClInclude>
  </ItemGroup>
  <ItemGroup>
    <ClCompile Include="VRES.cpp" />
    <ClCompile Include="Precomp.cpp" />
    <ClCompile Include="Graphics\VRES_Renderer.cpp">
      <Filter>Graphics</Filter>
    </ClCompile>
    <ClCompile Include="Graphics\VRES_RenderPass.cpp">
      <Filter>Graphics</Filter>
    </ClCompile>
    <ClCompile Include="Graphics\VRES_Mesh.cpp">
      <Filter>Graphics</Filter>
    </ClCompile>
  </ItemGroup>
</Project>